
Microsoft Visual Studio Solution File, Format Version 12.00
# Visual Studio 15
VisualStudioVersion = 15.0.28307.645
MinimumVisualStudioVersion = 10.0.40219.1
Project("{FAE04EC0-301F-11D3-BF4B-00C04F79EFBC}") = "ImageBrander.UI", "ImageBrander.UI\ImageBrander.UI.csproj", "{26B2B4E0-9EAB-4A83-9C7F-E18A52136076}"
EndProject
Global
	GlobalSection(SolutionConfigurationPlatforms) = preSolution
		Debug|Any CPU = Debug|Any CPU
		Release|Any CPU = Release|Any CPU
	EndGlobalSection
	GlobalSection(ProjectConfigurationPlatforms) = postSolution
		{26B2B4E0-9EAB-4A83-9C7F-E18A52136076}.Debug|Any CPU.ActiveCfg = Debug|Any CPU
		{26B2B4E0-9EAB-4A83-9C7F-E18A52136076}.Debug|Any CPU.Build.0 = Debug|Any CPU
		{26B2B4E0-9EAB-4A83-9C7F-E18A52136076}.Release|Any CPU.ActiveCfg = Release|Any CPU
		{26B2B4E0-9EAB-4A83-9C7F-E18A52136076}.Release|Any CPU.Build.0 = Release|Any CPU
	EndGlobalSection
	GlobalSection(SolutionProperties) = preSolution
		HideSolutionNode = FALSE
	EndGlobalSection
	GlobalSection(ExtensibilityGlobals) = postSolution
		SolutionGuid = {CEBD436A-3959-45EA-B1B5-06CAB0DB8A90}
	EndGlobalSection
EndGlobal
